
Microsoft Visual Studio Solution File, Format Version 12.00
# Visual Studio 15
VisualStudioVersion = 15.0.28307.168
MinimumVisualStudioVersion = 10.0.40219.1
Project("{8BC9CEB8-8B4A-11D0-8D11-00A0C91BC942}") = "MyPng", "AutoCompiler_CPP\AutoCompiler_CPP.vcxproj", "{F1A6A308-F9D0-4078-904B-93C6E9684671}"
EndProject
Project("{888888A0-9F3D-457C-B088-3A5042F75D52}") = "refer", "refer\refer.pyproj", "{F25D2283-4413-4A6C-9D09-CBF6B262C068}"
EndProject
Project("{8BC9CEB8-8B4A-11D0-8D11-00A0C91BC942}") = "AutoPNG_win32", "AutoPNG_win32\AutoPNG_win32.vcxproj", "{6157E640-5758-4192-904E-638D419BD863}"
EndProject
Project("{2150E333-8FDC-42A3-9474-1A3956D46DE8}") = "GitHub", "GitHub", "{60B9EBFD-AF0E-4C54-96FF-7736D4E401C5}"
	ProjectSection(SolutionItems) = preProject
		LICENSE = LICENSE
		README.md = README.md
	EndProjectSection
EndProject
Project("{8BC9CEB8-8B4A-11D0-8D11-00A0C91BC942}") = "ktexlib", "ktexlib\ktexlib.vcxproj", "{E9E96FB9-BE67-43FB-8B1C-F4DEE865F038}"
EndProject
Global
	GlobalSection(SolutionConfigurationPlatforms) = preSolution
		Debug|Any CPU = Debug|Any CPU
		Debug|x64 = Debug|x64
		Debug|x86 = Debug|x86
		Release|Any CPU = Release|Any CPU
		Release|x64 = Release|x64
		Release|x86 = Release|x86
	EndGlobalSection
	GlobalSection(ProjectConfigurationPlatforms) = postSolution
		{F1A6A308-F9D0-4078-904B-93C6E9684671}.Debug|Any CPU.ActiveCfg = Debug|Win32
		{F1A6A308-F9D0-4078-904B-93C6E9684671}.Debug|x64.ActiveCfg = Debug|x64
		{F1A6A308-F9D0-4078-904B-93C6E9684671}.Debug|x64.Build.0 = Debug|x64
		{F1A6A308-F9D0-4078-904B-93C6E9684671}.Debug|x86.ActiveCfg = Debug|Win32
		{F1A6A308-F9D0-4078-904B-93C6E9684671}.Debug|x86.Build.0 = Debug|Win32
		{F1A6A308-F9D0-4078-904B-93C6E9684671}.Release|Any CPU.ActiveCfg = Release|Win32
		{F1A6A308-F9D0-4078-904B-93C6E9684671}.Release|x64.ActiveCfg = Debug|x64
		{F1A6A308-F9D0-4078-904B-93C6E9684671}.Release|x64.Build.0 = Debug|x64
		{F1A6A308-F9D0-4078-904B-93C6E9684671}.Release|x86.ActiveCfg = Release|Win32
		{F1A6A308-F9D0-4078-904B-93C6E9684671}.Release|x86.Build.0 = Release|Win32
		{F25D2283-4413-4A6C-9D09-CBF6B262C068}.Debug|Any CPU.ActiveCfg = Debug|Any CPU
		{F25D2283-4413-4A6C-9D09-CBF6B262C068}.Debug|x64.ActiveCfg = Debug|Any CPU
		{F25D2283-4413-4A6C-9D09-CBF6B262C068}.Debug|x86.ActiveCfg = Debug|Any CPU
		{F25D2283-4413-4A6C-9D09-CBF6B262C068}.Release|Any CPU.ActiveCfg = Release|Any CPU
		{F25D2283-4413-4A6C-9D09-CBF6B262C068}.Release|x64.ActiveCfg = Debug|Any CPU
		{F25D2283-4413-4A6C-9D09-CBF6B262C068}.Release|x86.ActiveCfg = Release|Any CPU
		{6157E640-5758-4192-904E-638D419BD863}.Debug|Any CPU.ActiveCfg = Debug|Win32
		{6157E640-5758-4192-904E-638D419BD863}.Debug|x64.ActiveCfg = Debug|x64
		{6157E640-5758-4192-904E-638D419BD863}.Debug|x64.Build.0 = Debug|x64
		{6157E640-5758-4192-904E-638D419BD863}.Debug|x86.ActiveCfg = Debug|Win32
		{6157E640-5758-4192-904E-638D419BD863}.Debug|x86.Build.0 = Debug|Win32
		{6157E640-5758-4192-904E-638D419BD863}.Release|Any CPU.ActiveCfg = Release|Win32
		{6157E640-5758-4192-904E-638D419BD863}.Release|x64.ActiveCfg = Release|x64
		{6157E640-5758-4192-904E-638D419BD863}.Release|x64.Build.0 = Release|x64
		{6157E640-5758-4192-904E-638D419BD863}.Release|x86.ActiveCfg = Release|Win32
		{6157E640-5758-4192-904E-638D419BD863}.Release|x86.Build.0 = Release|Win32
		{E9E96FB9-BE67-43FB-8B1C-F4DEE865F038}.Debug|Any CPU.ActiveCfg = Debug|Win32
		{E9E96FB9-BE67-43FB-8B1C-F4DEE865F038}.Debug|x64.ActiveCfg = Debug|x64
		{E9E96FB9-BE67-43FB-8B1C-F4DEE865F038}.Debug|x64.Build.0 = Debug|x64
		{E9E96FB9-BE67-43FB-8B1C-F4DEE865F038}.Debug|x86.ActiveCfg = Debug|Win32
		{E9E96FB9-BE67-43FB-8B1C-F4DEE865F038}.Debug|x86.Build.0 = Debug|Win32
		{E9E96FB9-BE67-43FB-8B1C-F4DEE865F038}.Release|Any CPU.ActiveCfg = Release|Win32
		{E9E96FB9-BE67-43FB-8B1C-F4DEE865F038}.Release|x64.ActiveCfg = Release|x64
		{E9E96FB9-BE67-43FB-8B1C-F4DEE865F038}.Release|x64.Build.0 = Release|x64
		{E9E96FB9-BE67-43FB-8B1C-F4DEE865F038}.Release|x86.ActiveCfg = Release|Win32
		{E9E96FB9-BE67-43FB-8B1C-F4DEE865F038}.Release|x86.Build.0 = Release|Win32
	EndGlobalSection
	GlobalSection(SolutionProperties) = preSolution
		HideSolutionNode = FALSE
	EndGlobalSection
	GlobalSection(ExtensibilityGlobals) = postSolution
		SolutionGuid = {8EDF9215-3D2B-4A0E-8FE5-6A7839AC2BD2}
	EndGlobalSection
EndGlobal
